{
  "name": "tic-tac-toe-ai",
  "version": "1.0.0",
  "lockfileVersion": 1,
  "requires": true,
  "dependencies": {
    "tictactoe-ai": {
      "version": "1.0.4",
      "resolved": "https://registry.npmjs.org/tictactoe-ai/-/tictactoe-ai-1.0.4.tgz",
      "integrity": "sha1-sE18khZTU6W+RfLE8Trm9uV2q6s="
    }
  }
}
